
Microsoft Visual Studio Solution File, Format Version 12.00
# Visual Studio Version 17
VisualStudioVersion = 17.10.34928.147
MinimumVisualStudioVersion = 10.0.40219.1
Project("{9A19103F-16F7-4668-BE54-9A1E7A4F7556}") = "Shop", "Shop.csproj", "{2E5831FD-6E48-4876-831B-BADFB0E72E09}"
EndProject
Project("{9A19103F-16F7-4668-BE54-9A1E7A4F7556}") = "Shop.DataAccess", "..\Shop.DataAccess\Shop.DataAccess.csproj", "{72E94685-245C-4D13-8E6C-75D268E900F9}"
EndProject
Project("{9A19103F-16F7-4668-BE54-9A1E7A4F7556}") = "Shop.Service", "..\Shop.Service\Shop.Service.csproj", "{4591570A-2217-4186-9ABD-ADE7D6BF278E}"
EndProject
Project("{9A19103F-16F7-4668-BE54-9A1E7A4F7556}") = "Shop.Repository", "..\Shop.Repository\Shop.Repository.csproj", "{906B9A7C-424B-42E9-BAF1-91207A2C0098}"
EndProject
Project("{2150E333-8FDC-42A3-9474-1A3956D46DE8}") = "Microservices", "Microservices", "{83EC08A1-EB84-44C5-8C88-31A33BBF5F46}"
EndProject
Project("{2150E333-8FDC-42A3-9474-1A3956D46DE8}") = "ShopService", "ShopService", "{DF337D4A-EBEA-4139-8EAC-01E612468F6E}"
EndProject
Project("{2150E333-8FDC-42A3-9474-1A3956D46DE8}") = "ApiGateway", "ApiGateway", "{8EE94217-0B08-4609-9089-3DADDF491EF8}"
EndProject
Project("{2150E333-8FDC-42A3-9474-1A3956D46DE8}") = "DepartmentServices", "DepartmentServices", "{A2D2E1D3-EF27-4DCE-8BEF-952F72C45B97}"
EndProject
Project("{9A19103F-16F7-4668-BE54-9A1E7A4F7556}") = "Dept.DataAcess", "..\Dept.DataAcess\Dept.DataAcess.csproj", "{90BD6365-47C7-4DCE-8F4D-836F4CE55D89}"
EndProject
Project("{9A19103F-16F7-4668-BE54-9A1E7A4F7556}") = "Dept.Repository", "..\Dept.Repository\Dept.Repository.csproj", "{2A6F3DA9-5596-4E43-B321-45548EC1B43A}"
EndProject
Project("{9A19103F-16F7-4668-BE54-9A1E7A4F7556}") = "Dept.Services", "..\Dept.Services\Dept.Services.csproj", "{74FA1FA4-5F33-4A17-B9E3-E94D79BAC4B8}"
EndProject
Project("{FAE04EC0-301F-11D3-BF4B-00C04F79EFBC}") = "Deptt.API", "..\Deptt.API\Deptt.API.csproj", "{9AC7DF27-BA35-496A-9CD5-BE77D8281923}"
EndProject
Global
	GlobalSection(SolutionConfigurationPlatforms) = preSolution
		Debug|Any CPU = Debug|Any CPU
		Release|Any CPU = Release|Any CPU
	EndGlobalSection
	GlobalSection(ProjectConfigurationPlatforms) = postSolution
		{2E5831FD-6E48-4876-831B-BADFB0E72E09}.Debug|Any CPU.ActiveCfg = Debug|Any CPU
		{2E5831FD-6E48-4876-831B-BADFB0E72E09}.Debug|Any CPU.Build.0 = Debug|Any CPU
		{2E5831FD-6E48-4876-831B-BADFB0E72E09}.Release|Any CPU.ActiveCfg = Release|Any CPU
		{2E5831FD-6E48-4876-831B-BADFB0E72E09}.Release|Any CPU.Build.0 = Release|Any CPU
		{72E94685-245C-4D13-8E6C-75D268E900F9}.Debug|Any CPU.ActiveCfg = Debug|Any CPU
		{72E94685-245C-4D13-8E6C-75D268E900F9}.Debug|Any CPU.Build.0 = Debug|Any CPU
		{72E94685-245C-4D13-8E6C-75D268E900F9}.Release|Any CPU.ActiveCfg = Release|Any CPU
		{72E94685-245C-4D13-8E6C-75D268E900F9}.Release|Any CPU.Build.0 = Release|Any CPU
		{4591570A-2217-4186-9ABD-ADE7D6BF278E}.Debug|Any CPU.ActiveCfg = Debug|Any CPU
		{4591570A-2217-4186-9ABD-ADE7D6BF278E}.Debug|Any CPU.Build.0 = Debug|Any CPU
		{4591570A-2217-4186-9ABD-ADE7D6BF278E}.Release|Any CPU.ActiveCfg = Release|Any CPU
		{4591570A-2217-4186-9ABD-ADE7D6BF278E}.Release|Any CPU.Build.0 = Release|Any CPU
		{906B9A7C-424B-42E9-BAF1-91207A2C0098}.Debug|Any CPU.ActiveCfg = Debug|Any CPU
		{906B9A7C-424B-42E9-BAF1-91207A2C0098}.Debug|Any CPU.Build.0 = Debug|Any CPU
		{906B9A7C-424B-42E9-BAF1-91207A2C0098}.Release|Any CPU.ActiveCfg = Release|Any CPU
		{906B9A7C-424B-42E9-BAF1-91207A2C0098}.Release|Any CPU.Build.0 = Release|Any CPU
		{90BD6365-47C7-4DCE-8F4D-836F4CE55D89}.Debug|Any CPU.ActiveCfg = Debug|Any CPU
		{90BD6365-47C7-4DCE-8F4D-836F4CE55D89}.Debug|Any CPU.Build.0 = Debug|Any CPU
		{90BD6365-47C7-4DCE-8F4D-836F4CE55D89}.Release|Any CPU.ActiveCfg = Release|Any CPU
		{90BD6365-47C7-4DCE-8F4D-836F4CE55D89}.Release|Any CPU.Build.0 = Release|Any CPU
		{2A6F3DA9-5596-4E43-B321-45548EC1B43A}.Debug|Any CPU.ActiveCfg = Debug|Any CPU
		{2A6F3DA9-5596-4E43-B321-45548EC1B43A}.Debug|Any CPU.Build.0 = Debug|Any CPU
		{2A6F3DA9-5596-4E43-B321-45548EC1B43A}.Release|Any CPU.ActiveCfg = Release|Any CPU
		{2A6F3DA9-5596-4E43-B321-45548EC1B43A}.Release|Any CPU.Build.0 = Release|Any CPU
		{74FA1FA4-5F33-4A17-B9E3-E94D79BAC4B8}.Debug|Any CPU.ActiveCfg = Debug|Any CPU
		{74FA1FA4-5F33-4A17-B9E3-E94D79BAC4B8}.Debug|Any CPU.Build.0 = Debug|Any CPU
		{74FA1FA4-5F33-4A17-B9E3-E94D79BAC4B8}.Release|Any CPU.ActiveCfg = Release|Any CPU
		{74FA1FA4-5F33-4A17-B9E3-E94D79BAC4B8}.Release|Any CPU.Build.0 = Release|Any CPU
		{9AC7DF27-BA35-496A-9CD5-BE77D8281923}.Debug|Any CPU.ActiveCfg = Debug|Any CPU
		{9AC7DF27-BA35-496A-9CD5-BE77D8281923}.Debug|Any CPU.Build.0 = Debug|Any CPU
		{9AC7DF27-BA35-496A-9CD5-BE77D8281923}.Release|Any CPU.ActiveCfg = Release|Any CPU
		{9AC7DF27-BA35-496A-9CD5-BE77D8281923}.Release|Any CPU.Build.0 = Release|Any CPU
	EndGlobalSection
	GlobalSection(SolutionProperties) = preSolution
		HideSolutionNode = FALSE
	EndGlobalSection
	GlobalSection(NestedProjects) = preSolution
		{2E5831FD-6E48-4876-831B-BADFB0E72E09} = {DF337D4A-EBEA-4139-8EAC-01E612468F6E}
		{72E94685-245C-4D13-8E6C-75D268E900F9} = {DF337D4A-EBEA-4139-8EAC-01E612468F6E}
		{4591570A-2217-4186-9ABD-ADE7D6BF278E} = {DF337D4A-EBEA-4139-8EAC-01E612468F6E}
		{906B9A7C-424B-42E9-BAF1-91207A2C0098} = {DF337D4A-EBEA-4139-8EAC-01E612468F6E}
		{DF337D4A-EBEA-4139-8EAC-01E612468F6E} = {83EC08A1-EB84-44C5-8C88-31A33BBF5F46}
		{A2D2E1D3-EF27-4DCE-8BEF-952F72C45B97} = {83EC08A1-EB84-44C5-8C88-31A33BBF5F46}
		{90BD6365-47C7-4DCE-8F4D-836F4CE55D89} = {A2D2E1D3-EF27-4DCE-8BEF-952F72C45B97}
		{2A6F3DA9-5596-4E43-B321-45548EC1B43A} = {A2D2E1D3-EF27-4DCE-8BEF-952F72C45B97}
		{74FA1FA4-5F33-4A17-B9E3-E94D79BAC4B8} = {A2D2E1D3-EF27-4DCE-8BEF-952F72C45B97}
		{9AC7DF27-BA35-496A-9CD5-BE77D8281923} = {A2D2E1D3-EF27-4DCE-8BEF-952F72C45B97}
	EndGlobalSection
	GlobalSection(ExtensibilityGlobals) = postSolution
		SolutionGuid = {B2008E10-54F0-4852-9615-1504F06DEF77}
	EndGlobalSection
EndGlobal
